version = 1
revision = 2
requires-python = ">=3.11"

[[package]]
name = "annotated-types"
version = "0.7.0"
source = { registry = "https://pypi.org/simple" }
sdist = { url = "https://files.pythonhosted.org/packages/ee/67/531ea369ba64dcff5ec9c3402f9f51bf748cec26dde048a2f973a4eea7f5/annotated_types-0.7.0.tar.gz", hash = "sha256:aff07c09a53a08bc8cfccb9c85b05f1aa9a2a6f23728d790723543408344ce89", size = 16081, upload_time = "2024-05-20T21:33:25.928Z" }
wheels = [
    { url = "https://files.pythonhosted.org/packages/78/b6/6307fbef88d9b5ee7421e68d78a9f162e0da4900bc5f5793f6d3d0e34fb8/annotated_types-0.7.0-py3-none-any.whl", hash = "sha256:1f02e8b43a8fbbc3f3e0d4f0f4bfc8131bcb4eebe8849b8e5c773f3a1c582a53", size = 13643, upload_time = "2024-05-20T21:33:24.1Z" },
]

[[package]]
name = "anyio"
version = "4.9.0"
source = { registry = "https://pypi.org/simple" }
dependencies = [
    { name = "idna" },
    { name = "sniffio" },
    { name = "typing-extensions", marker = "python_full_version < '3.13'" },
]
sdist = { url = "https://files.pythonhosted.org/packages/95/7d/4c1bd541d4dffa1b52bd83fb8527089e097a106fc90b467a7313b105f840/anyio-4.9.0.tar.gz", hash = "sha256:673c0c244e15788651a4ff38710fea9675823028a6f08a5eda409e0c9840a028", size = 190949, upload_time = "2025-03-17T00:02:54.77Z" }
wheels = [
    { url = "https://files.pythonhosted.org/packages/a1/ee/48ca1a7c89ffec8b6a0c5d02b89c305671d5ffd8d3c94acf8b8c408575bb/anyio-4.9.0-py3-none-any.whl", hash = "sha256:9f76d541cad6e36af7beb62e978876f3b41e3e04f2c1fbf0884604c0a9c4d93c", size = 100916, upload_time = "2025-03-17T00:02:52.713Z" },
]

[[package]]
name = "certifi"
version = "2025.1.31"
source = { registry = "https://pypi.org/simple" }
sdist = { url = "https://files.pythonhosted.org/packages/1c/ab/c9f1e32b7b1bf505bf26f0ef697775960db7932abeb7b516de930ba2705f/certifi-2025.1.31.tar.gz", hash = "sha256:3d5da6925056f6f18f119200434a4780a94263f10d1c21d032a6f6b2baa20651", size = 167577, upload_time = "2025-01-31T02:16:47.166Z" }
wheels = [
    { url = "https://files.pythonhosted.org/packages/38/fc/bce832fd4fd99766c04d1ee0eead6b0ec6486fb100ae5e74c1d91292b982/certifi-2025.1.31-py3-none-any.whl", hash = "sha256:ca78db4565a652026a4db2bcdf68f2fb589ea80d0be70e03929ed730746b84fe", size = 166393, upload_time = "2025-01-31T02:16:45.015Z" },
]

[[package]]
name = "click"
version = "8.2.1"
source = { registry = "https://pypi.org/simple" }
dependencies = [
    { name = "colorama", marker = "sys_platform == 'win32'" },
]
sdist = { url = "https://files.pythonhosted.org/packages/60/6c/8ca2efa64cf75a977a0d7fac081354553ebe483345c734fb6b6515d96bbc/click-8.2.1.tar.gz", hash = "sha256:27c491cc05d968d271d5a1db13e3b5a184636d9d930f148c50b038f0d0646202", size = 286342, upload_time = "2025-05-20T23:19:49.832Z" }
wheels = [
    { url = "https://files.pythonhosted.org/packages/85/32/10bb5764d90a8eee674e9dc6f4db6a0ab47c8c4d0d83c27f7c39ac415a4d/click-8.2.1-py3-none-any.whl", hash = "sha256:61a3265b914e850b85317d0b3109c7f8cd35a670f963866005d6ef1d5175a12b", size = 102215, upload_time = "2025-05-20T23:19:47.796Z" },
]

[[package]]
name = "cloudflare-dyndns"
version = "5.4"
source = { editable = "." }
dependencies = [
    { name = "click" },
    { name = "httpx" },
    { name = "pydantic" },
    { name = "truststore" },
]

[package.dev-dependencies]
dev = [
    { name = "pdbpp" },
    { name = "pytest" },
]

[package.metadata]
requires-dist = [
    { name = "click", specifier = ">=8.1.8" },
    { name = "httpx", specifier = ">=0.28.1" },
    { name = "pydantic", specifier = ">=2.10.6" },
    { name = "truststore", specifier = ">=0.10.0" },
]

[package.metadata.requires-dev]
dev = [
    { name = "pdbpp", specifier = ">=0.11.6" },
    { name = "pytest", specifier = ">=8.3.4" },
]

[[package]]
name = "colorama"
version = "0.4.6"
source = { registry = "https://pypi.org/simple" }
sdist = { url = "https://files.pythonhosted.org/packages/d8/53/6f443c9a4a8358a93a6792e2acffb9d9d5cb0a5cfd8802644b7b1c9a02e4/colorama-0.4.6.tar.gz", hash = "sha256:08695f5cb7ed6e0531a20572697297273c47b8cae5a63ffc6d6ed5c201be6e44", size = 27697, upload_time = "2022-10-25T02:36:22.414Z" }
wheels = [
    { url = "https://files.pythonhosted.org/packages/d1/d6/3965ed04c63042e047cb6a3e6ed1a63a35087b6a609aa3a15ed8ac56c221/colorama-0.4.6-py2.py3-none-any.whl", hash = "sha256:4f1d9991f5acc0ca119f9d443620b77f9d6b33703e51011c16baf57afb285fc6", size = 25335, upload_time = "2022-10-25T02:36:20.889Z" },
]

[[package]]
name = "fancycompleter"
version = "0.11.0"
source = { registry = "https://pypi.org/simple" }
dependencies = [
    { name = "pyreadline3", marker = "sys_platform == 'win32'" },
    { name = "pyrepl", marker = "python_full_version < '3.13'" },
]
sdist = { url = "https://files.pythonhosted.org/packages/f3/03/eb007f5e90c13016debb6ecd717f0595ce758bf30906f2cb273673e8427d/fancycompleter-0.11.0.tar.gz", hash = "sha256:632b265b29dd0315b96d33d13d83132a541d6312262214f50211b3981bb4fa00", size = 341517, upload_time = "2025-04-13T12:48:09.487Z" }
wheels = [
    { url = "https://files.pythonhosted.org/packages/07/52/d3e234bf32ee97e71b45886a52871dc681345d64b449a930bab38c73cbcb/fancycompleter-0.11.0-py3-none-any.whl", hash = "sha256:a4712fdda8d7f3df08511ab2755ea0f1e669e2c65701a28c0c0aa2ff528521ed", size = 11166, upload_time = "2025-04-13T12:48:08.12Z" },
]

[[package]]
name = "h11"
version = "0.14.0"
source = { registry = "https://pypi.org/simple" }
sdist = { url = "https://files.pythonhosted.org/packages/f5/38/3af3d3633a34a3316095b39c8e8fb4853a28a536e55d347bd8d8e9a14b03/h11-0.14.0.tar.gz", hash = "sha256:8f19fbbe99e72420ff35c00b27a34cb9937e902a8b810e2c88300c6f0a3b699d", size = 100418, upload_time = "2022-09-25T15:40:01.519Z" }
wheels = [
    { url = "https://files.pythonhosted.org/packages/95/04/ff642e65ad6b90db43e668d70ffb6736436c7ce41fcc549f4e9472234127/h11-0.14.0-py3-none-any.whl", hash = "sha256:e3fe4ac4b851c468cc8363d500db52c2ead036020723024a109d37346efaa761", size = 58259, upload_time = "2022-09-25T15:39:59.68Z" },
]

[[package]]
name = "httpcore"
version = "1.0.7"
source = { registry = "https://pypi.org/simple" }
dependencies = [
    { name = "certifi" },
    { name = "h11" },
]
sdist = { url = "https://files.pythonhosted.org/packages/6a/41/d7d0a89eb493922c37d343b607bc1b5da7f5be7e383740b4753ad8943e90/httpcore-1.0.7.tar.gz", hash = "sha256:8551cb62a169ec7162ac7be8d4817d561f60e08eaa485234898414bb5a8a0b4c", size = 85196, upload_time = "2024-11-15T12:30:47.531Z" }
wheels = [
    { url = "https://files.pythonhosted.org/packages/87/f5/72347bc88306acb359581ac4d52f23c0ef445b57157adedb9aee0cd689d2/httpcore-1.0.7-py3-none-any.whl", hash = "sha256:a3fff8f43dc260d5bd363d9f9cf1830fa3a458b332856f34282de498ed420edd", size = 78551, upload_time = "2024-11-15T12:30:45.782Z" },
]

[[package]]
name = "httpx"
version = "0.28.1"
source = { registry = "https://pypi.org/simple" }
dependencies = [
    { name = "anyio" },
    { name = "certifi" },
    { name = "httpcore" },
    { name = "idna" },
]
sdist = { url = "https://files.pythonhosted.org/packages/b1/df/48c586a5fe32a0f01324ee087459e112ebb7224f646c0b5023f5e79e9956/httpx-0.28.1.tar.gz", hash = "sha256:75e98c5f16b0f35b567856f597f06ff2270a374470a5c2392242528e3e3e42fc", size = 141406, upload_time = "2024-12-06T15:37:23.222Z" }
wheels = [
    { url = "https://files.pythonhosted.org/packages/2a/39/e50c7c3a983047577ee07d2a9e53faf5a69493943ec3f6a384bdc792deb2/httpx-0.28.1-py3-none-any.whl", hash = "sha256:d909fcccc110f8c7faf814ca82a9a4d816bc5a6dbfea25d6591d6985b8ba59ad", size = 73517, upload_time = "2024-12-06T15:37:21.509Z" },
]

[[package]]
name = "idna"
version = "3.10"
source = { registry = "https://pypi.org/simple" }
sdist = { url = "https://files.pythonhosted.org/packages/f1/70/7703c29685631f5a7590aa73f1f1d3fa9a380e654b86af429e0934a32f7d/idna-3.10.tar.gz", hash = "sha256:12f65c9b470abda6dc35cf8e63cc574b1c52b11df2c86030af0ac09b01b13ea9", size = 190490, upload_time = "2024-09-15T18:07:39.745Z" }
wheels = [
    { url = "https://files.pythonhosted.org/packages/76/c6/c88e154df9c4e1a2a66ccf0005a88dfb2650c1dffb6f5ce603dfbd452ce3/idna-3.10-py3-none-any.whl", hash = "sha256:946d195a0d259cbba61165e88e65941f16e9b36ea6ddb97f00452bae8b1287d3", size = 70442, upload_time = "2024-09-15T18:07:37.964Z" },
]

[[package]]
name = "iniconfig"
version = "2.1.0"
source = { registry = "https://pypi.org/simple" }
sdist = { url = "https://files.pythonhosted.org/packages/f2/97/ebf4da567aa6827c909642694d71c9fcf53e5b504f2d96afea02718862f3/iniconfig-2.1.0.tar.gz", hash = "sha256:3abbd2e30b36733fee78f9c7f7308f2d0050e88f0087fd25c2645f63c773e1c7", size = 4793, upload_time = "2025-03-19T20:09:59.721Z" }
wheels = [
    { url = "https://files.pythonhosted.org/packages/2c/e1/e6716421ea10d38022b952c159d5161ca1193197fb744506875fbb87ea7b/iniconfig-2.1.0-py3-none-any.whl", hash = "sha256:9deba5723312380e77435581c6bf4935c94cbfab9b1ed33ef8d238ea168eb760", size = 6050, upload_time = "2025-03-19T20:10:01.071Z" },
]

[[package]]
name = "packaging"
version = "24.2"
source = { registry = "https://pypi.org/simple" }
sdist = { url = "https://files.pythonhosted.org/packages/d0/63/68dbb6eb2de9cb10ee4c9c14a0148804425e13c4fb20d61cce69f53106da/packaging-24.2.tar.gz", hash = "sha256:c228a6dc5e932d346bc5739379109d49e8853dd8223571c7c5b55260edc0b97f", size = 163950, upload_time = "2024-11-08T09:47:47.202Z" }
wheels = [
    { url = "https://files.pythonhosted.org/packages/88/ef/eb23f262cca3c0c4eb7ab1933c3b1f03d021f2c48f54763065b6f0e321be/packaging-24.2-py3-none-any.whl", hash = "sha256:09abb1bccd265c01f4a3aa3f7a7db064b36514d2cba19a2f694fe6150451a759", size = 65451, upload_time = "2024-11-08T09:47:44.722Z" },
]

[[package]]
name = "pdbpp"
version = "0.11.6"
source = { registry = "https://pypi.org/simple" }
dependencies = [
    { name = "fancycompleter" },
    { name = "pygments" },
]
sdist = { url = "https://files.pythonhosted.org/packages/27/ef/e6ae1a1e1d2cbe0fbf04f22b21d7d58e8e13d24dfcc3b6a4dea18a3ed1e0/pdbpp-0.11.6.tar.gz", hash = "sha256:36a73c5bcf0c3c35034be4cf99e6106e3ee0c8f5e0faafc2cf9be5f1481eb4b7", size = 78178, upload_time = "2025-04-16T10:20:07.008Z" }
wheels = [
    { url = "https://files.pythonhosted.org/packages/c5/e1/77fa5c45fcd95a80b0d793b604c19b71c9fa8d5b27d403eced79f3842828/pdbpp-0.11.6-py3-none-any.whl", hash = "sha256:8e024d36bd2f35a3b19d8732524c696b8b4aef633250d28547198e746cd81ccb", size = 33334, upload_time = "2025-04-16T10:20:05.529Z" },
]

[[package]]
name = "pluggy"
version = "1.5.0"
source = { registry = "https://pypi.org/simple" }
sdist = { url = "https://files.pythonhosted.org/packages/96/2d/02d4312c973c6050a18b314a5ad0b3210edb65a906f868e31c111dede4a6/pluggy-1.5.0.tar.gz", hash = "sha256:2cffa88e94fdc978c4c574f15f9e59b7f4201d439195c3715ca9e2486f1d0cf1", size = 67955, upload_time = "2024-04-20T21:34:42.531Z" }
wheels = [
    { url = "https://files.pythonhosted.org/packages/88/5f/e351af9a41f866ac3f1fac4ca0613908d9a41741cfcf2228f4ad853b697d/pluggy-1.5.0-py3-none-any.whl", hash = "sha256:44e1ad92c8ca002de6377e165f3e0f1be63266ab4d554740532335b9d75ea669", size = 20556, upload_time = "2024-04-20T21:34:40.434Z" },
]

[[package]]
name = "pydantic"
version = "2.11.1"
source = { registry = "https://pypi.org/simple" }
dependencies = [
    { name = "annotated-types" },
    { name = "pydantic-core" },
    { name = "typing-extensions" },
    { name = "typing-inspection" },
]
sdist = { url = "https://files.pythonhosted.org/packages/93/a3/698b87a4d4d303d7c5f62ea5fbf7a79cab236ccfbd0a17847b7f77f8163e/pydantic-2.11.1.tar.gz", hash = "sha256:442557d2910e75c991c39f4b4ab18963d57b9b55122c8b2a9cd176d8c29ce968", size = 782817, upload_time = "2025-03-28T21:14:58.347Z" }
wheels = [
    { url = "https://files.pythonhosted.org/packages/cc/12/f9221a949f2419e2e23847303c002476c26fbcfd62dc7f3d25d0bec5ca99/pydantic-2.11.1-py3-none-any.whl", hash = "sha256:5b6c415eee9f8123a14d859be0c84363fec6b1feb6b688d6435801230b56e0b8", size = 442648, upload_time = "2025-03-28T21:14:55.856Z" },
]

[[package]]
name = "pydantic-core"
version = "2.33.0"
source = { registry = "https://pypi.org/simple" }
dependencies = [
    { name = "typing-extensions" },
]
sdist = { url = "https://files.pythonhosted.org/packages/b9/05/91ce14dfd5a3a99555fce436318cc0fd1f08c4daa32b3248ad63669ea8b4/pydantic_core-2.33.0.tar.gz", hash = "sha256:40eb8af662ba409c3cbf4a8150ad32ae73514cd7cb1f1a2113af39763dd616b3", size = 434080, upload_time = "2025-03-26T20:30:05.906Z" }
wheels = [
    { url = "https://files.pythonhosted.org/packages/f0/93/9e97af2619b4026596487a79133e425c7d3c374f0a7f100f3d76bcdf9c83/pydantic_core-2.33.0-cp311-cp311-macosx_10_12_x86_64.whl", hash = "sha256:a608a75846804271cf9c83e40bbb4dab2ac614d33c6fd5b0c6187f53f5c593ef", size = 2042784, upload_time = "2025-03-26T20:27:02.809Z" },
    { url = "https://files.pythonhosted.org/packages/42/b4/0bba8412fd242729feeb80e7152e24f0e1a1c19f4121ca3d4a307f4e6222/pydantic_core-2.33.0-cp311-cp311-macosx_11_0_arm64.whl", hash = "sha256:e1c69aa459f5609dec2fa0652d495353accf3eda5bdb18782bc5a2ae45c9273a", size = 1858179, upload_time = "2025-03-26T20:27:04.747Z" },
    { url = "https://files.pythonhosted.org/packages/69/1f/c1c40305d929bd08af863df64b0a26203b70b352a1962d86f3bcd52950fe/pydantic_core-2.33.0-cp311-cp311-manylinux_2_17_aarch64.manylinux2014_aarch64.whl", hash = "sha256:b9ec80eb5a5f45a2211793f1c4aeddff0c3761d1c70d684965c1807e923a588b", size = 1909396, upload_time = "2025-03-26T20:27:06.258Z" },
    { url = "https://files.pythonhosted.org/packages/0f/99/d2e727375c329c1e652b5d450fbb9d56e8c3933a397e4bd46e67c68c2cd5/pydantic_core-2.33.0-cp311-cp311-manylinux_2_17_armv7l.manylinux2014_armv7l.whl", hash = "sha256:e925819a98318d17251776bd3d6aa9f3ff77b965762155bdad15d1a9265c4cfd", size = 1998264, upload_time = "2025-03-26T20:27:08.439Z" },
    { url = "https://files.pythonhosted.org/packages/9c/2e/3119a33931278d96ecc2e9e1b9d50c240636cfeb0c49951746ae34e4de74/pydantic_core-2.33.0-cp311-cp311-manylinux_2_17_ppc64le.manylinux2014_ppc64le.whl", hash = "sha256:5bf68bb859799e9cec3d9dd8323c40c00a254aabb56fe08f907e437005932f2b", size = 2140588, upload_time = "2025-03-26T20:27:09.949Z" },
    { url = "https://files.pythonhosted.org/packages/35/bd/9267bd1ba55f17c80ef6cb7e07b3890b4acbe8eb6014f3102092d53d9300/pydantic_core-2.33.0-cp311-cp311-manylinux_2_17_s390x.manylinux2014_s390x.whl", hash = "sha256:1b2ea72dea0825949a045fa4071f6d5b3d7620d2a208335207793cf29c5a182d", size = 2746296, upload_time = "2025-03-26T20:27:11.824Z" },
    { url = "https://files.pythonhosted.org/packages/6f/ed/ef37de6478a412ee627cbebd73e7b72a680f45bfacce9ff1199de6e17e88/pydantic_core-2.33.0-cp311-cp311-manylinux_2_17_x86_64.manylinux2014_x86_64.whl", hash = "sha256:1583539533160186ac546b49f5cde9ffc928062c96920f58bd95de32ffd7bffd", size = 2005555, upload_time = "2025-03-26T20:27:13.872Z" },
    { url = "https://files.pythonhosted.org/packages/dd/84/72c8d1439585d8ee7bc35eb8f88a04a4d302ee4018871f1f85ae1b0c6625/pydantic_core-2.33.0-cp311-cp311-manylinux_2_5_i686.manylinux1_i686.whl", hash = "sha256:23c3e77bf8a7317612e5c26a3b084c7edeb9552d645742a54a5867635b4f2453", size = 2124452, upload_time = "2025-03-26T20:27:15.402Z" },
    { url = "https://files.pythonhosted.org/packages/a7/8f/cb13de30c6a3e303423751a529a3d1271c2effee4b98cf3e397a66ae8498/pydantic_core-2.33.0-cp311-cp311-musllinux_1_1_aarch64.whl", hash = "sha256:a7a7f2a3f628d2f7ef11cb6188bcf0b9e1558151d511b974dfea10a49afe192b", size = 2087001, upload_time = "2025-03-26T20:27:17.014Z" },
    { url = "https://files.pythonhosted.org/packages/83/d0/e93dc8884bf288a63fedeb8040ac8f29cb71ca52e755f48e5170bb63e55b/pydantic_core-2.33.0-cp311-cp311-musllinux_1_1_armv7l.whl", hash = "sha256:f1fb026c575e16f673c61c7b86144517705865173f3d0907040ac30c4f9f5915", size = 2261663, upload_time = "2025-03-26T20:27:18.819Z" },
    { url = "https://files.pythonhosted.org/packages/4c/ba/4b7739c95efa0b542ee45fd872c8f6b1884ab808cf04ce7ac6621b6df76e/pydantic_core-2.33.0-cp311-cp311-musllinux_1_1_x86_64.whl", hash = "sha256:635702b2fed997e0ac256b2cfbdb4dd0bf7c56b5d8fba8ef03489c03b3eb40e2", size = 2257786, upload_time = "2025-03-26T20:27:20.752Z" },
    { url = "https://files.pythonhosted.org/packages/cc/98/73cbca1d2360c27752cfa2fcdcf14d96230e92d7d48ecd50499865c56bf7/pydantic_core-2.33.0-cp311-cp311-win32.whl", hash = "sha256:07b4ced28fccae3f00626eaa0c4001aa9ec140a29501770a88dbbb0966019a86", size = 1925697, upload_time = "2025-03-26T20:27:22.688Z" },
    { url = "https://files.pythonhosted.org/packages/9a/26/d85a40edeca5d8830ffc33667d6fef329fd0f4bc0c5181b8b0e206cfe488/pydantic_core-2.33.0-cp311-cp311-win_amd64.whl", hash = "sha256:4927564be53239a87770a5f86bdc272b8d1fbb87ab7783ad70255b4ab01aa25b", size = 1949859, upload_time = "2025-03-26T20:27:24.371Z" },
    { url = "https://files.pythonhosted.org/packages/7e/0b/5a381605f0b9870465b805f2c86c06b0a7c191668ebe4117777306c2c1e5/pydantic_core-2.33.0-cp311-cp311-win_arm64.whl", hash = "sha256:69297418ad644d521ea3e1aa2e14a2a422726167e9ad22b89e8f1130d68e1e9a", size = 1907978, upload_time = "2025-03-26T20:27:25.964Z" },
    { url = "https://files.pythonhosted.org/packages/a9/c4/c9381323cbdc1bb26d352bc184422ce77c4bc2f2312b782761093a59fafc/pydantic_core-2.33.0-cp312-cp312-macosx_10_12_x86_64.whl", hash = "sha256:6c32a40712e3662bebe524abe8abb757f2fa2000028d64cc5a1006016c06af43", size = 2025127, upload_time = "2025-03-26T20:27:27.704Z" },
    { url = "https://files.pythonhosted.org/packages/6f/bd/af35278080716ecab8f57e84515c7dc535ed95d1c7f52c1c6f7b313a9dab/pydantic_core-2.33.0-cp312-cp312-macosx_11_0_arm64.whl", hash = "sha256:8ec86b5baa36f0a0bfb37db86c7d52652f8e8aa076ab745ef7725784183c3fdd", size = 1851687, upload_time = "2025-03-26T20:27:29.67Z" },
    { url = "https://files.pythonhosted.org/packages/12/e4/a01461225809c3533c23bd1916b1e8c2e21727f0fea60ab1acbffc4e2fca/pydantic_core-2.33.0-cp312-cp312-manylinux_2_17_aarch64.manylinux2014_aarch64.whl", hash = "sha256:4deac83a8cc1d09e40683be0bc6d1fa4cde8df0a9bf0cda5693f9b0569ac01b6", size = 1892232, upload_time = "2025-03-26T20:27:31.374Z" },
    { url = "https://files.pythonhosted.org/packages/51/17/3d53d62a328fb0a49911c2962036b9e7a4f781b7d15e9093c26299e5f76d/pydantic_core-2.33.0-cp312-cp312-manylinux_2_17_armv7l.manylinux2014_armv7l.whl", hash = "sha256:175ab598fb457a9aee63206a1993874badf3ed9a456e0654273e56f00747bbd6", size = 1977896, upload_time = "2025-03-26T20:27:33.055Z" },
    { url = "https://files.pythonhosted.org/packages/30/98/01f9d86e02ec4a38f4b02086acf067f2c776b845d43f901bd1ee1c21bc4b/pydantic_core-2.33.0-cp312-cp312-manylinux_2_17_ppc64le.manylinux2014_ppc64le.whl", hash = "sha256:5f36afd0d56a6c42cf4e8465b6441cf546ed69d3a4ec92724cc9c8c61bd6ecf4", size = 2127717, upload_time = "2025-03-26T20:27:34.768Z" },
    { url = "https://files.pythonhosted.org/packages/3c/43/6f381575c61b7c58b0fd0b92134c5a1897deea4cdfc3d47567b3ff460a4e/pydantic_core-2.33.0-cp312-cp312-manylinux_2_17_s390x.manylinux2014_s390x.whl", hash = "sha256:0a98257451164666afafc7cbf5fb00d613e33f7e7ebb322fbcd99345695a9a61", size = 2680287, upload_time = "2025-03-26T20:27:36.826Z" },
    { url = "https://files.pythonhosted.org/packages/01/42/c0d10d1451d161a9a0da9bbef023b8005aa26e9993a8cc24dc9e3aa96c93/pydantic_core-2.33.0-cp312-cp312-manylinux_2_17_x86_64.manylinux2014_x86_64.whl", hash = "sha256:ecc6d02d69b54a2eb83ebcc6f29df04957f734bcf309d346b4f83354d8376862", size = 2008276, upload_time = "2025-03-26T20:27:38.609Z" },
    { url = "https://files.pythonhosted.org/packages/20/ca/e08df9dba546905c70bae44ced9f3bea25432e34448d95618d41968f40b7/pydantic_core-2.33.0-cp312-cp312-manylinux_2_5_i686.manylinux1_i686.whl", hash = "sha256:1a69b7596c6603afd049ce7f3835bcf57dd3892fc7279f0ddf987bebed8caa5a", size = 2115305, upload_time = "2025-03-26T20:27:41.717Z" },
    { url = "https://files.pythonhosted.org/packages/03/1f/9b01d990730a98833113581a78e595fd40ed4c20f9693f5a658fb5f91eff/pydantic_core-2.33.0-cp312-cp312-musllinux_1_1_aarch64.whl", hash = "sha256:ea30239c148b6ef41364c6f51d103c2988965b643d62e10b233b5efdca8c0099", size = 2068999, upload_time = "2025-03-26T20:27:43.42Z" },
    { url = "https://files.pythonhosted.org/packages/20/18/fe752476a709191148e8b1e1139147841ea5d2b22adcde6ee6abb6c8e7cf/pydantic_core-2.33.0-cp312-cp312-musllinux_1_1_armv7l.whl", hash = "sha256:abfa44cf2f7f7d7a199be6c6ec141c9024063205545aa09304349781b9a125e6", size = 2241488, upload_time = "2025-03-26T20:27:46.744Z" },
    { url = "https://files.pythonhosted.org/packages/81/22/14738ad0a0bf484b928c9e52004f5e0b81dd8dabbdf23b843717b37a71d1/pydantic_core-2.33.0-cp312-cp312-musllinux_1_1_x86_64.whl", hash = "sha256:20d4275f3c4659d92048c70797e5fdc396c6e4446caf517ba5cad2db60cd39d3", size = 2248430, upload_time = "2025-03-26T20:27:48.458Z" },
    { url = "https://files.pythonhosted.org/packages/e8/27/be7571e215ac8d321712f2433c445b03dbcd645366a18f67b334df8912bc/pydantic_core-2.33.0-cp312-cp312-win32.whl", hash = "sha256:918f2013d7eadea1d88d1a35fd4a1e16aaf90343eb446f91cb091ce7f9b431a2", size = 1908353, upload_time = "2025-03-26T20:27:50.488Z" },
    { url = "https://files.pythonhosted.org/packages/be/3a/be78f28732f93128bd0e3944bdd4b3970b389a1fbd44907c97291c8dcdec/pydantic_core-2.33.0-cp312-cp312-win_amd64.whl", hash = "sha256:aec79acc183865bad120b0190afac467c20b15289050648b876b07777e67ea48", size = 1955956, upload_time = "2025-03-26T20:27:52.239Z" },
    { url = "https://files.pythonhosted.org/packages/21/26/b8911ac74faa994694b76ee6a22875cc7a4abea3c381fdba4edc6c6bef84/pydantic_core-2.33.0-cp312-cp312-win_arm64.whl", hash = "sha256:5461934e895968655225dfa8b3be79e7e927e95d4bd6c2d40edd2fa7052e71b6", size = 1903259, upload_time = "2025-03-26T20:27:54.06Z" },
    { url = "https://files.pythonhosted.org/packages/79/20/de2ad03ce8f5b3accf2196ea9b44f31b0cd16ac6e8cfc6b21976ed45ec35/pydantic_core-2.33.0-cp313-cp313-macosx_10_12_x86_64.whl", hash = "sha256:f00e8b59e1fc8f09d05594aa7d2b726f1b277ca6155fc84c0396db1b373c4555", size = 2032214, upload_time = "2025-03-26T20:27:56.197Z" },
    { url = "https://files.pythonhosted.org/packages/f9/af/6817dfda9aac4958d8b516cbb94af507eb171c997ea66453d4d162ae8948/pydantic_core-2.33.0-cp313-cp313-macosx_11_0_arm64.whl", hash = "sha256:1a73be93ecef45786d7d95b0c5e9b294faf35629d03d5b145b09b81258c7cd6d", size = 1852338, upload_time = "2025-03-26T20:27:57.876Z" },
    { url = "https://files.pythonhosted.org/packages/44/f3/49193a312d9c49314f2b953fb55740b7c530710977cabe7183b8ef111b7f/pydantic_core-2.33.0-cp313-cp313-manylinux_2_17_aarch64.manylinux2014_aarch64.whl", hash = "sha256:ff48a55be9da6930254565ff5238d71d5e9cd8c5487a191cb85df3bdb8c77365", size = 1896913, upload_time = "2025-03-26T20:27:59.719Z" },
    { url = "https://files.pythonhosted.org/packages/06/e0/c746677825b2e29a2fa02122a8991c83cdd5b4c5f638f0664d4e35edd4b2/pydantic_core-2.33.0-cp313-cp313-manylinux_2_17_armv7l.manylinux2014_armv7l.whl", hash = "sha256:26a4ea04195638dcd8c53dadb545d70badba51735b1594810e9768c2c0b4a5da", size = 1986046, upload_time = "2025-03-26T20:28:01.583Z" },
    { url = "https://files.pythonhosted.org/packages/11/ec/44914e7ff78cef16afb5e5273d480c136725acd73d894affdbe2a1bbaad5/pydantic_core-2.33.0-cp313-cp313-manylinux_2_17_ppc64le.manylinux2014_ppc64le.whl", hash = "sha256:41d698dcbe12b60661f0632b543dbb119e6ba088103b364ff65e951610cb7ce0", size = 2128097, upload_time = "2025-03-26T20:28:03.437Z" },
    { url = "https://files.pythonhosted.org/packages/fe/f5/c6247d424d01f605ed2e3802f338691cae17137cee6484dce9f1ac0b872b/pydantic_core-2.33.0-cp313-cp313-manylinux_2_17_s390x.manylinux2014_s390x.whl", hash = "sha256:ae62032ef513fe6281ef0009e30838a01057b832dc265da32c10469622613885", size = 2681062, upload_time = "2025-03-26T20:28:05.498Z" },
    { url = "https://files.pythonhosted.org/packages/f0/85/114a2113b126fdd7cf9a9443b1b1fe1b572e5bd259d50ba9d5d3e1927fa9/pydantic_core-2.33.0-cp313-cp313-manylinux_2_17_x86_64.manylinux2014_x86_64.whl", hash = "sha256:f225f3a3995dbbc26affc191d0443c6c4aa71b83358fd4c2b7d63e2f6f0336f9", size = 2007487, upload_time = "2025-03-26T20:28:07.879Z" },
    { url = "https://files.pythonhosted.org/packages/e6/40/3c05ed28d225c7a9acd2b34c5c8010c279683a870219b97e9f164a5a8af0/pydantic_core-2.33.0-cp313-cp313-manylinux_2_5_i686.manylinux1_i686.whl", hash = "sha256:5bdd36b362f419c78d09630cbaebc64913f66f62bda6d42d5fbb08da8cc4f181", size = 2121382, upload_time = "2025-03-26T20:28:09.651Z" },
    { url = "https://files.pythonhosted.org/packages/8a/22/e70c086f41eebd323e6baa92cc906c3f38ddce7486007eb2bdb3b11c8f64/pydantic_core-2.33.0-cp313-cp313-musllinux_1_1_aarch64.whl", hash = "sha256:2a0147c0bef783fd9abc9f016d66edb6cac466dc54a17ec5f5ada08ff65caf5d", size = 2072473, upload_time = "2025-03-26T20:28:11.69Z" },
    { url = "https://files.pythonhosted.org/packages/3e/84/d1614dedd8fe5114f6a0e348bcd1535f97d76c038d6102f271433cd1361d/pydantic_core-2.33.0-cp313-cp313-musllinux_1_1_armv7l.whl", hash = "sha256:c860773a0f205926172c6644c394e02c25421dc9a456deff16f64c0e299487d3", size = 2249468, upload_time = "2025-03-26T20:28:13.651Z" },
    { url = "https://files.pythonhosted.org/packages/b0/c0/787061eef44135e00fddb4b56b387a06c303bfd3884a6df9bea5cb730230/pydantic_core-2.33.0-cp313-cp313-musllinux_1_1_x86_64.whl", hash = "sha256:138d31e3f90087f42aa6286fb640f3c7a8eb7bdae829418265e7e7474bd2574b", size = 2254716, upload_time = "2025-03-26T20:28:16.105Z" },
    { url = "https://files.pythonhosted.org/packages/ae/e2/27262eb04963201e89f9c280f1e10c493a7a37bc877e023f31aa72d2f911/pydantic_core-2.33.0-cp313-cp313-win32.whl", hash = "sha256:d20cbb9d3e95114325780f3cfe990f3ecae24de7a2d75f978783878cce2ad585", size = 1916450, upload_time = "2025-03-26T20:28:18.252Z" },
    { url = "https://files.pythonhosted.org/packages/13/8d/25ff96f1e89b19e0b70b3cd607c9ea7ca27e1dcb810a9cd4255ed6abf869/pydantic_core-2.33.0-cp313-cp313-win_amd64.whl", hash = "sha256:ca1103d70306489e3d006b0f79db8ca5dd3c977f6f13b2c59ff745249431a606", size = 1956092, upload_time = "2025-03-26T20:28:20.129Z" },
    { url = "https://files.pythonhosted.org/packages/1b/64/66a2efeff657b04323ffcd7b898cb0354d36dae3a561049e092134a83e9c/pydantic_core-2.33.0-cp313-cp313-win_arm64.whl", hash = "sha256:6291797cad239285275558e0a27872da735b05c75d5237bbade8736f80e4c225", size = 1908367, upload_time = "2025-03-26T20:28:22.498Z" },
    { url = "https://files.pythonhosted.org/packages/52/54/295e38769133363d7ec4a5863a4d579f331728c71a6644ff1024ee529315/pydantic_core-2.33.0-cp313-cp313t-macosx_11_0_arm64.whl", hash = "sha256:7b79af799630af263eca9ec87db519426d8c9b3be35016eddad1832bac812d87", size = 1813331, upload_time = "2025-03-26T20:28:25.004Z" },
    { url = "https://files.pythonhosted.org/packages/4c/9c/0c8ea02db8d682aa1ef48938abae833c1d69bdfa6e5ec13b21734b01ae70/pydantic_core-2.33.0-cp313-cp313t-manylinux_2_17_x86_64.manylinux2014_x86_64.whl", hash = "sha256:eabf946a4739b5237f4f56d77fa6668263bc466d06a8036c055587c130a46f7b", size = 1986653, upload_time = "2025-03-26T20:28:27.02Z" },
    { url = "https://files.pythonhosted.org/packages/8e/4f/3fb47d6cbc08c7e00f92300e64ba655428c05c56b8ab6723bd290bae6458/pydantic_core-2.33.0-cp313-cp313t-win_amd64.whl", hash = "sha256:8a1d581e8cdbb857b0e0e81df98603376c1a5c34dc5e54039dcc00f043df81e7", size = 1931234, upload_time = "2025-03-26T20:28:29.237Z" },
    { url = "https://files.pythonhosted.org/packages/2b/b2/553e42762e7b08771fca41c0230c1ac276f9e79e78f57628e1b7d328551d/pydantic_core-2.33.0-pp311-pypy311_pp73-macosx_10_12_x86_64.whl", hash = "sha256:5d8dc9f63a26f7259b57f46a7aab5af86b2ad6fbe48487500bb1f4b27e051e4c", size = 2041207, upload_time = "2025-03-26T20:29:20.111Z" },
    { url = "https://files.pythonhosted.org/packages/85/81/a91a57bbf3efe53525ab75f65944b8950e6ef84fe3b9a26c1ec173363263/pydantic_core-2.33.0-pp311-pypy311_pp73-macosx_11_0_arm64.whl", hash = "sha256:30369e54d6d0113d2aa5aee7a90d17f225c13d87902ace8fcd7bbf99b19124db", size = 1873736, upload_time = "2025-03-26T20:29:22.811Z" },
    { url = "https://files.pythonhosted.org/packages/9c/d2/5ab52e9f551cdcbc1ee99a0b3ef595f56d031f66f88e5ca6726c49f9ce65/pydantic_core-2.33.0-pp311-pypy311_pp73-manylinux_2_17_aarch64.manylinux2014_aarch64.whl", hash = "sha256:f3eb479354c62067afa62f53bb387827bee2f75c9c79ef25eef6ab84d4b1ae3b", size = 1903794, upload_time = "2025-03-26T20:29:25.369Z" },
    { url = "https://files.pythonhosted.org/packages/2f/5f/a81742d3f3821b16f1265f057d6e0b68a3ab13a814fe4bffac536a1f26fd/pydantic_core-2.33.0-pp311-pypy311_pp73-manylinux_2_17_x86_64.manylinux2014_x86_64.whl", hash = "sha256:0310524c833d91403c960b8a3cf9f46c282eadd6afd276c8c5edc617bd705dc9", size = 2083457, upload_time = "2025-03-26T20:29:27.551Z" },
    { url = "https://files.pythonhosted.org/packages/b5/2f/e872005bc0fc47f9c036b67b12349a8522d32e3bda928e82d676e2a594d1/pydantic_core-2.33.0-pp311-pypy311_pp73-manylinux_2_5_i686.manylinux1_i686.whl", hash = "sha256:eddb18a00bbb855325db27b4c2a89a4ba491cd6a0bd6d852b225172a1f54b36c", size = 2119537, upload_time = "2025-03-26T20:29:29.763Z" },
    { url = "https://files.pythonhosted.org/packages/d3/13/183f13ce647202eaf3dada9e42cdfc59cbb95faedd44d25f22b931115c7f/pydantic_core-2.33.0-pp311-pypy311_pp73-musllinux_1_1_aarch64.whl", hash = "sha256:ade5dbcf8d9ef8f4b28e682d0b29f3008df9842bb5ac48ac2c17bc55771cc976", size = 2080069, upload_time = "2025-03-26T20:29:32.31Z" },
    { url = "https://files.pythonhosted.org/packages/23/8b/b6be91243da44a26558d9c3a9007043b3750334136c6550551e8092d6d96/pydantic_core-2.33.0-pp311-pypy311_pp73-musllinux_1_1_armv7l.whl", hash = "sha256:2c0afd34f928383e3fd25740f2050dbac9d077e7ba5adbaa2227f4d4f3c8da5c", size = 2251618, upload_time = "2025-03-26T20:29:34.967Z" },
    { url = "https://files.pythonhosted.org/packages/aa/c5/fbcf1977035b834f63eb542e74cd6c807177f383386175b468f0865bcac4/pydantic_core-2.33.0-pp311-pypy311_pp73-musllinux_1_1_x86_64.whl", hash = "sha256:7da333f21cd9df51d5731513a6d39319892947604924ddf2e24a4612975fb936", size = 2255374, upload_time = "2025-03-26T20:29:37.132Z" },
    { url = "https://files.pythonhosted.org/packages/2f/f8/66f328e411f1c9574b13c2c28ab01f308b53688bbbe6ca8fb981e6cabc42/pydantic_core-2.33.0-pp311-pypy311_pp73-win_amd64.whl", hash = "sha256:4b6d77c75a57f041c5ee915ff0b0bb58eabb78728b69ed967bc5b780e8f701b8", size = 2082099, upload_time = "2025-03-26T20:29:39.227Z" },
]

[[package]]
name = "pygments"
version = "2.19.1"
source = { registry = "https://pypi.org/simple" }
sdist = { url = "https://files.pythonhosted.org/packages/7c/2d/c3338d48ea6cc0feb8446d8e6937e1408088a72a39937982cc6111d17f84/pygments-2.19.1.tar.gz", hash = "sha256:61c16d2a8576dc0649d9f39e089b5f02bcd27fba10d8fb4dcc28173f7a45151f", size = 4968581, upload_time = "2025-01-06T17:26:30.443Z" }
wheels = [
    { url = "https://files.pythonhosted.org/packages/8a/0b/9fcc47d19c48b59121088dd6da2488a49d5f72dacf8262e2790a1d2c7d15/pygments-2.19.1-py3-none-any.whl", hash = "sha256:9ea1544ad55cecf4b8242fab6dd35a93bbce657034b0611ee383099054ab6d8c", size = 1225293, upload_time = "2025-01-06T17:26:25.553Z" },
]

[[package]]
name = "pyreadline3"
version = "3.5.4"
source = { registry = "https://pypi.org/simple" }
sdist = { url = "https://files.pythonhosted.org/packages/0f/49/4cea918a08f02817aabae639e3d0ac046fef9f9180518a3ad394e22da148/pyreadline3-3.5.4.tar.gz", hash = "sha256:8d57d53039a1c75adba8e50dd3d992b28143480816187ea5efbd5c78e6c885b7", size = 99839, upload_time = "2024-09-19T02:40:10.062Z" }
wheels = [
    { url = "https://files.pythonhosted.org/packages/5a/dc/491b7661614ab97483abf2056be1deee4dc2490ecbf7bff9ab5cdbac86e1/pyreadline3-3.5.4-py3-none-any.whl", hash = "sha256:eaf8e6cc3c49bcccf145fc6067ba8643d1df34d604a1ec0eccbf7a18e6d3fae6", size = 83178, upload_time = "2024-09-19T02:40:08.598Z" },
]

[[package]]
name = "pyrepl"
version = "0.11.3.post1"
source = { registry = "https://pypi.org/simple" }
sdist = { url = "https://files.pythonhosted.org/packages/92/78/65b9a4a4b15f7f5aae84c3edb9d3adc1acb2acc38eb9d5404cd5cf980927/pyrepl-0.11.3.post1.tar.gz", hash = "sha256:0ca7568c8be919b69f99644d29d31738a5b1a87750d06dd36564bcfad278d402", size = 50954, upload_time = "2025-04-13T12:21:51.403Z" }
wheels = [
    { url = "https://files.pythonhosted.org/packages/2d/45/02a5e2da58a32ff407b14d38690c1d2f8705bd6909320817b444070dcbb0/pyrepl-0.11.3.post1-py3-none-any.whl", hash = "sha256:59fcd67588892731dc6e7aff106c380d303d54324ff028827804a2b056223d92", size = 55613, upload_time = "2025-04-13T12:21:49.464Z" },
]

[[package]]
name = "pytest"
version = "8.3.5"
source = { registry = "https://pypi.org/simple" }
dependencies = [
    { name = "colorama", marker = "sys_platform == 'win32'" },
    { name = "iniconfig" },
    { name = "packaging" },
    { name = "pluggy" },
]
sdist = { url = "https://files.pythonhosted.org/packages/ae/3c/c9d525a414d506893f0cd8a8d0de7706446213181570cdbd766691164e40/pytest-8.3.5.tar.gz", hash = "sha256:f4efe70cc14e511565ac476b57c279e12a855b11f48f212af1080ef2263d3845", size = 1450891, upload_time = "2025-03-02T12:54:54.503Z" }
wheels = [
    { url = "https://files.pythonhosted.org/packages/30/3d/64ad57c803f1fa1e963a7946b6e0fea4a70df53c1a7fed304586539c2bac/pytest-8.3.5-py3-none-any.whl", hash = "sha256:c69214aa47deac29fad6c2a4f590b9c4a9fdb16a403176fe154b79c0b4d4d820", size = 343634, upload_time = "2025-03-02T12:54:52.069Z" },
]

[[package]]
name = "sniffio"
version = "1.3.1"
source = { registry = "https://pypi.org/simple" }
sdist = { url = "https://files.pythonhosted.org/packages/a2/87/a6771e1546d97e7e041b6ae58d80074f81b7d5121207425c964ddf5cfdbd/sniffio-1.3.1.tar.gz", hash = "sha256:f4324edc670a0f49750a81b895f35c3adb843cca46f0530f79fc1babb23789dc", size = 20372, upload_time = "2024-02-25T23:20:04.057Z" }
wheels = [
    { url = "https://files.pythonhosted.org/packages/e9/44/75a9c9421471a6c4805dbf2356f7c181a29c1879239abab1ea2cc8f38b40/sniffio-1.3.1-py3-none-any.whl", hash = "sha256:2f6da418d1f1e0fddd844478f41680e794e6051915791a034ff65e5f100525a2", size = 10235, upload_time = "2024-02-25T23:20:01.196Z" },
]

[[package]]
name = "truststore"
version = "0.10.1"
source = { registry = "https://pypi.org/simple" }
sdist = { url = "https://files.pythonhosted.org/packages/0f/a7/b7a43228762966a13598a404f3dfb4803ea29a906f449d8b0e73ed0bcd30/truststore-0.10.1.tar.gz", hash = "sha256:eda021616b59021812e800fa0a071e51b266721bef3ce092db8a699e21c63539", size = 26101, upload_time = "2025-02-07T18:57:38.201Z" }
wheels = [
    { url = "https://files.pythonhosted.org/packages/bc/df/8ad635bdcfa8214c399e5614f7c2121dced47defb755a85ea1fa702ffb1c/truststore-0.10.1-py3-none-any.whl", hash = "sha256:b64e6025a409a43ebdd2807b0c41c8bff49ea7ae6550b5087ac6df6619352d4c", size = 18496, upload_time = "2025-02-07T18:57:36.348Z" },
]

[[package]]
name = "typing-extensions"
version = "4.13.0"
source = { registry = "https://pypi.org/simple" }
sdist = { url = "https://files.pythonhosted.org/packages/0e/3e/b00a62db91a83fff600de219b6ea9908e6918664899a2d85db222f4fbf19/typing_extensions-4.13.0.tar.gz", hash = "sha256:0a4ac55a5820789d87e297727d229866c9650f6521b64206413c4fbada24d95b", size = 106520, upload_time = "2025-03-26T03:49:41.628Z" }
wheels = [
    { url = "https://files.pythonhosted.org/packages/e0/86/39b65d676ec5732de17b7e3c476e45bb80ec64eb50737a8dce1a4178aba1/typing_extensions-4.13.0-py3-none-any.whl", hash = "sha256:c8dd92cc0d6425a97c18fbb9d1954e5ff92c1ca881a309c45f06ebc0b79058e5", size = 45683, upload_time = "2025-03-26T03:49:40.35Z" },
]

[[package]]
name = "typing-inspection"
version = "0.4.0"
source = { registry = "https://pypi.org/simple" }
dependencies = [
    { name = "typing-extensions" },
]
sdist = { url = "https://files.pythonhosted.org/packages/82/5c/e6082df02e215b846b4b8c0b887a64d7d08ffaba30605502639d44c06b82/typing_inspection-0.4.0.tar.gz", hash = "sha256:9765c87de36671694a67904bf2c96e395be9c6439bb6c87b5142569dcdd65122", size = 76222, upload_time = "2025-02-25T17:27:59.638Z" }
wheels = [
    { url = "https://files.pythonhosted.org/packages/31/08/aa4fdfb71f7de5176385bd9e90852eaf6b5d622735020ad600f2bab54385/typing_inspection-0.4.0-py3-none-any.whl", hash = "sha256:50e72559fcd2a6367a19f7a7e610e6afcb9fac940c650290eed893d61386832f", size = 14125, upload_time = "2025-02-25T17:27:57.754Z" },
]
